
Microsoft Visual Studio Solution File, Format Version 12.00
# Visual Studio Version 17
VisualStudioVersion = 17.13.35825.156 d17.13
MinimumVisualStudioVersion = 10.0.40219.1
Project("{FAE04EC0-301F-11D3-BF4B-00C04F79EFBC}") = "SportClubAPI", "SportClubAPI.csproj", "{ABE7174E-F8E3-49C0-9A30-32C4441779AD}"
EndProject
Project("{FAE04EC0-301F-11D3-BF4B-00C04F79EFBC}") = "DataAccess", "..\DataAccess\DataAccess.csproj", "{F856B082-E116-4696-976B-C50F15394EC7}"
EndProject
Global
	GlobalSection(SolutionConfigurationPlatforms) = preSolution
		Debug|Any CPU = Debug|Any CPU
		Release|Any CPU = Release|Any CPU
	EndGlobalSection
	GlobalSection(ProjectConfigurationPlatforms) = postSolution
		{ABE7174E-F8E3-49C0-9A30-32C4441779AD}.Debug|Any CPU.ActiveCfg = Debug|Any CPU
		{ABE7174E-F8E3-49C0-9A30-32C4441779AD}.Debug|Any CPU.Build.0 = Debug|Any CPU
		{ABE7174E-F8E3-49C0-9A30-32C4441779AD}.Release|Any CPU.ActiveCfg = Release|Any CPU
		{ABE7174E-F8E3-49C0-9A30-32C4441779AD}.Release|Any CPU.Build.0 = Release|Any CPU
		{F856B082-E116-4696-976B-C50F15394EC7}.Debug|Any CPU.ActiveCfg = Debug|Any CPU
		{F856B082-E116-4696-976B-C50F15394EC7}.Debug|Any CPU.Build.0 = Debug|Any CPU
		{F856B082-E116-4696-976B-C50F15394EC7}.Release|Any CPU.ActiveCfg = Release|Any CPU
		{F856B082-E116-4696-976B-C50F15394EC7}.Release|Any CPU.Build.0 = Release|Any CPU
	EndGlobalSection
	GlobalSection(SolutionProperties) = preSolution
		HideSolutionNode = FALSE
	EndGlobalSection
	GlobalSection(ExtensibilityGlobals) = postSolution
		SolutionGuid = {14CD41B5-00C3-4760-B897-9A93DB214252}
	EndGlobalSection
EndGlobal
