
Microsoft Visual Studio Solution File, Format Version 12.00
# Visual Studio Version 17
VisualStudioVersion = 17.13.35825.156 d17.13
MinimumVisualStudioVersion = 10.0.40219.1
Project("{FAE04EC0-301F-11D3-BF4B-00C04F79EFBC}") = "SportClub", "SportClub.csproj", "{8CF69168-7021-4C9B-8FC0-8772FD6E2142}"
EndProject
Global
	GlobalSection(SolutionConfigurationPlatforms) = preSolution
		Debug|Any CPU = Debug|Any CPU
		Release|Any CPU = Release|Any CPU
	EndGlobalSection
	GlobalSection(ProjectConfigurationPlatforms) = postSolution
		{8CF69168-7021-4C9B-8FC0-8772FD6E2142}.Debug|Any CPU.ActiveCfg = Debug|Any CPU
		{8CF69168-7021-4C9B-8FC0-8772FD6E2142}.Debug|Any CPU.Build.0 = Debug|Any CPU
		{8CF69168-7021-4C9B-8FC0-8772FD6E2142}.Release|Any CPU.ActiveCfg = Release|Any CPU
		{8CF69168-7021-4C9B-8FC0-8772FD6E2142}.Release|Any CPU.Build.0 = Release|Any CPU
	EndGlobalSection
	GlobalSection(SolutionProperties) = preSolution
		HideSolutionNode = FALSE
	EndGlobalSection
	GlobalSection(ExtensibilityGlobals) = postSolution
		SolutionGuid = {8F766803-48FE-4632-871D-136934152510}
	EndGlobalSection
EndGlobal
